
Microsoft Visual Studio Solution File, Format Version 12.00
# Visual Studio Version 17
VisualStudioVersion = 17.1.32210.238
MinimumVisualStudioVersion = 10.0.40219.1
Project("{FAE04EC0-301F-11D3-BF4B-00C04F79EFBC}") = "Asg3-yxz157830", "Asg3-yxz157830.csproj", "{A7C221FC-1B78-4A8A-8BF4-9F583A6E5430}"
EndProject
Global
	GlobalSection(SolutionConfigurationPlatforms) = preSolution
		Debug|Any CPU = Debug|Any CPU
		Release|Any CPU = Release|Any CPU
	EndGlobalSection
	GlobalSection(ProjectConfigurationPlatforms) = postSolution
		{A7C221FC-1B78-4A8A-8BF4-9F583A6E5430}.Debug|Any CPU.ActiveCfg = Debug|Any CPU
		{A7C221FC-1B78-4A8A-8BF4-9F583A6E5430}.Debug|Any CPU.Build.0 = Debug|Any CPU
		{A7C221FC-1B78-4A8A-8BF4-9F583A6E5430}.Release|Any CPU.ActiveCfg = Release|Any CPU
		{A7C221FC-1B78-4A8A-8BF4-9F583A6E5430}.Release|Any CPU.Build.0 = Release|Any CPU
	EndGlobalSection
	GlobalSection(SolutionProperties) = preSolution
		HideSolutionNode = FALSE
	EndGlobalSection
	GlobalSection(ExtensibilityGlobals) = postSolution
		SolutionGuid = {4C695172-8A8B-464A-96D4-07E1BA0B032D}
	EndGlobalSection
EndGlobal
